
Microsoft Visual Studio Solution File, Format Version 12.00
# Visual Studio 15
VisualStudioVersion = 15.0.28307.1401
MinimumVisualStudioVersion = 10.0.40219.1
Project("{9A19103F-16F7-4668-BE54-9A1E7A4F7556}") = "Tensech.CarApi.Web", "src\Tensech.CarApi.Web\Tensech.CarApi.Web.csproj", "{EAFA9D62-7AE9-4A49-88ED-65B6B94A6BD9}"
EndProject
Project("{FAE04EC0-301F-11D3-BF4B-00C04F79EFBC}") = "Tensech.CarApi.Services", "src\Tensech.CarApi.Services\Tensech.CarApi.Services.csproj", "{C4FA37FB-F45C-4868-8AF8-541848CBB2E9}"
EndProject
Project("{FAE04EC0-301F-11D3-BF4B-00C04F79EFBC}") = "Tensech.CarApi.Core", "src\Tensech.CarApi.Core\Tensech.CarApi.Core.csproj", "{F73487F4-4244-4CC0-A525-12036C6DDAC7}"
EndProject
Project("{FAE04EC0-301F-11D3-BF4B-00C04F79EFBC}") = "Tensech.CarApi.Store", "src\Tensech.CarApi.Store\Tensech.CarApi.Store.csproj", "{5550EB30-0E0F-49B8-963C-F40DAF0F2741}"
EndProject
Project("{FAE04EC0-301F-11D3-BF4B-00C04F79EFBC}") = "Tensech.CarApi.Common", "src\Tensech.CarApi.Common\Tensech.CarApi.Common.csproj", "{ECC64146-0120-48F6-AF47-6E931BAC069D}"
EndProject
Global
	GlobalSection(SolutionConfigurationPlatforms) = preSolution
		Debug|Any CPU = Debug|Any CPU
		Release|Any CPU = Release|Any CPU
	EndGlobalSection
	GlobalSection(ProjectConfigurationPlatforms) = postSolution
		{EAFA9D62-7AE9-4A49-88ED-65B6B94A6BD9}.Debug|Any CPU.ActiveCfg = Debug|Any CPU
		{EAFA9D62-7AE9-4A49-88ED-65B6B94A6BD9}.Debug|Any CPU.Build.0 = Debug|Any CPU
		{EAFA9D62-7AE9-4A49-88ED-65B6B94A6BD9}.Release|Any CPU.ActiveCfg = Release|Any CPU
		{EAFA9D62-7AE9-4A49-88ED-65B6B94A6BD9}.Release|Any CPU.Build.0 = Release|Any CPU
		{C4FA37FB-F45C-4868-8AF8-541848CBB2E9}.Debug|Any CPU.ActiveCfg = Debug|Any CPU
		{C4FA37FB-F45C-4868-8AF8-541848CBB2E9}.Debug|Any CPU.Build.0 = Debug|Any CPU
		{C4FA37FB-F45C-4868-8AF8-541848CBB2E9}.Release|Any CPU.ActiveCfg = Release|Any CPU
		{C4FA37FB-F45C-4868-8AF8-541848CBB2E9}.Release|Any CPU.Build.0 = Release|Any CPU
		{F73487F4-4244-4CC0-A525-12036C6DDAC7}.Debug|Any CPU.ActiveCfg = Debug|Any CPU
		{F73487F4-4244-4CC0-A525-12036C6DDAC7}.Debug|Any CPU.Build.0 = Debug|Any CPU
		{F73487F4-4244-4CC0-A525-12036C6DDAC7}.Release|Any CPU.ActiveCfg = Release|Any CPU
		{F73487F4-4244-4CC0-A525-12036C6DDAC7}.Release|Any CPU.Build.0 = Release|Any CPU
		{5550EB30-0E0F-49B8-963C-F40DAF0F2741}.Debug|Any CPU.ActiveCfg = Debug|Any CPU
		{5550EB30-0E0F-49B8-963C-F40DAF0F2741}.Debug|Any CPU.Build.0 = Debug|Any CPU
		{5550EB30-0E0F-49B8-963C-F40DAF0F2741}.Release|Any CPU.ActiveCfg = Release|Any CPU
		{5550EB30-0E0F-49B8-963C-F40DAF0F2741}.Release|Any CPU.Build.0 = Release|Any CPU
		{ECC64146-0120-48F6-AF47-6E931BAC069D}.Debug|Any CPU.ActiveCfg = Debug|Any CPU
		{ECC64146-0120-48F6-AF47-6E931BAC069D}.Debug|Any CPU.Build.0 = Debug|Any CPU
		{ECC64146-0120-48F6-AF47-6E931BAC069D}.Release|Any CPU.ActiveCfg = Release|Any CPU
		{ECC64146-0120-48F6-AF47-6E931BAC069D}.Release|Any CPU.Build.0 = Release|Any CPU
	EndGlobalSection
	GlobalSection(SolutionProperties) = preSolution
		HideSolutionNode = FALSE
	EndGlobalSection
	GlobalSection(ExtensibilityGlobals) = postSolution
		SolutionGuid = {815BB391-B1EA-4BAE-96EA-BD3EE0244219}
	EndGlobalSection
EndGlobal
